# THIS IS AN AUTOGENERATED FILE. DO NOT EDIT THIS FILE DIRECTLY.
# yarn lockfile v1


"@babel/runtime@^7.23.2", "@babel/runtime@^7.25.0":
  version "7.25.6"
  resolved "https://registry.yarnpkg.com/@babel/runtime/-/runtime-7.25.6.tgz#9afc3289f7184d8d7f98b099884c26317b9264d2"
  integrity sha512-VBj9MYyDb9tuLq7yzqjgzt6Q+IBQLrGZfdjOekyEirZPHxXWoTSGUTMrpsfi58Up73d13NfYLv8HT9vmznjzhQ==
  dependencies:
    regenerator-runtime "^0.14.0"

html-parse-stringify@^3.0.1:
  version "3.0.1"
  resolved "https://registry.yarnpkg.com/html-parse-stringify/-/html-parse-stringify-3.0.1.tgz#dfc1017347ce9f77c8141a507f233040c59c55d2"
  integrity sha512-KknJ50kTInJ7qIScF3jeaFRpMpE8/lfiTdzf/twXyPBLAGrLRTmkz3AdTnKeh40X8k9L2fdYwEp/42WGXIRGcg==
  dependencies:
    void-elements "3.1.0"

i18next@^23.15.1:
  version "23.15.1"
  resolved "https://registry.yarnpkg.com/i18next/-/i18next-23.15.1.tgz#c50de337bf12ca5195e697cc0fbe5f32304871d9"
  integrity sha512-wB4abZ3uK7EWodYisHl/asf8UYEhrI/vj/8aoSsrj/ZDxj4/UXPOa1KvFt1Fq5hkUHquNqwFlDprmjZ8iySgYA==
  dependencies:
    "@babel/runtime" "^7.23.2"

react-i18next@^15.0.2:
  version "15.0.2"
  resolved "https://registry.yarnpkg.com/react-i18next/-/react-i18next-15.0.2.tgz#8b7f3c0e66cb4f99f95e2c507353398c41a68cc2"
  integrity sha512-z0W3/RES9Idv3MmJUcf0mDNeeMOUXe+xoL0kPfQPbDoZHmni/XsIoq5zgT2MCFUiau283GuBUK578uD/mkAbLQ==
  dependencies:
    "@babel/runtime" "^7.25.0"
    html-parse-stringify "^3.0.1"

regenerator-runtime@^0.14.0:
  version "0.14.1"
  resolved "https://registry.yarnpkg.com/regenerator-runtime/-/regenerator-runtime-0.14.1.tgz#356ade10263f685dda125100cd862c1db895327f"
  integrity sha512-dYnhHh0nJoMfnkZs6GmmhFknAGRrLznOu5nc9ML+EJxGvrx6H7teuevqVqCuPcPK//3eDrrjQhehXVx9cnkGdw==

void-elements@3.1.0:
  version "3.1.0"
  resolved "https://registry.yarnpkg.com/void-elements/-/void-elements-3.1.0.tgz#614f7fbf8d801f0bb5f0661f5b2f5785750e4f09"
  integrity sha512-Dhxzh5HZuiHQhbvTW9AMetFfBHDMYpo23Uo9btPXgdYP+3T5S+p+jgNy7spra+veYhBP2dCSgxR/i2Y02h5/6w==
